{
    "_meta": {
        "hash": {
            "sha256": "f5aa0f3da4ade53df872164ace7308fad186ac2d5b58e9b53635de8ad265db48"
        },
        "pipfile-spec": 6,
        "requires": {
            "python_version": "3.9"
        },
        "sources": [
            {
                "name": "pypi",
                "url": "https://pypi.org/simple",
                "verify_ssl": true
            }
        ]
    },
    "default": {
        "tree-sitter": {
            "hashes": [
                "sha256:1940f64be1e8c9c3c0e34a2258f1e4c324207534d5b1eefc5ab2960a9d98f668",
                "sha256:51a609a7c1bd9d9e75d92ee128c12c7852ae70a482900fbbccf3d13a79e0378c"
            ],
            "index": "pypi",
            "version": "==0.20.0"
        }
    },
    "develop": {}
}
